// !$*UTF8*$!
{
	archiveVersion = 1;
	classes = {
	};
	objectVersion = 50;
	objects = {

/* Begin PBXBuildFile section */
		FAD7AA352394E990008A1DD8 /* AppDelegate.swift in Sources */ = {isa = PBXBuildFile; fileRef = FAD7AA342394E990008A1DD8 /* AppDelegate.swift */; };
		FAD7AA372394E990008A1DD8 /* SceneDelegate.swift in Sources */ = {isa = PBXBuildFile; fileRef = FAD7AA362394E990008A1DD8 /* SceneDelegate.swift */; };
		FAD7AA392394E990008A1DD8 /* ViewController.swift in Sources */ = {isa = PBXBuildFile; fileRef = FAD7AA382394E990008A1DD8 /* ViewController.swift */; };
		FAD7AA3C2394E990008A1DD8 /* Main.storyboard in Resources */ = {isa = PBXBuildFile; fileRef = FAD7AA3A2394E990008A1DD8 /* Main.storyboard */; };
		FAD7AA3F2394E990008A1DD8 /* assignment.xcdatamodeld in Sources */ = {isa = PBXBuildFile; fileRef = FAD7AA3D2394E990008A1DD8 /* assignment.xcdatamodeld */; };
		FAD7AA412394E991008A1DD8 /* Assets.xcassets in Resources */ = {isa = PBXBuildFile; fileRef = FAD7AA402394E991008A1DD8 /* Assets.xcassets */; };
		FAD7AA442394E991008A1DD8 /* LaunchScreen.storyboard in Resources */ = {isa = PBXBuildFile; fileRef = FAD7AA422394E991008A1DD8 /* LaunchScreen.storyboard */; };
/* End PBXBuildFile section */

/* Begin PBXFileReference section */
		FAD7AA312394E990008A1DD8 /* assignment.app */ = {isa = PBXFileReference; explicitFileType = wrapper.application; includeInIndex = 0; path = assignment.app; sourceTree = BUILT_PRODUCTS_DIR; };
		FAD7AA342394E990008A1DD8 /* AppDelegate.swift */ = {isa = PBXFileReference; lastKnownFileType = sourcecode.swift; path = AppDelegate.swift; sourceTree = "<group>"; };
		FAD7AA362394E990008A1DD8 /* SceneDelegate.swift */ = {isa = PBXFileReference; lastKnownFileType = sourcecode.swift; path = SceneDelegate.swift; sourceTree = "<group>"; };
		FAD7AA382394E990008A1DD8 /* ViewController.swift */ = {isa = PBXFileReference; lastKnownFileType = sourcecode.swift; path = ViewController.swift; sourceTree = "<group>"; };
		FAD7AA3B2394E990008A1DD8 /* Base */ = {isa = PBXFileReference; lastKnownFileType = file.storyboard; name = Base; path = Base.lproj/Main.storyboard; sourceTree = "<group>"; };
		FAD7AA3E2394E990008A1DD8 /* assignment.xcdatamodel */ = {isa = PBXFileReference; lastKnownFileType = wrapper.xcdatamodel; path = assignment.xcdatamodel; sourceTree = "<group>"; };
		FAD7AA402394E991008A1DD8 /* Assets.xcassets */ = {isa = PBXFileReference; lastKnownFileType = folder.assetcatalog; path = Assets.xcassets; sourceTree = "<group>"; };
		FAD7AA432394E991008A1DD8 /* Base */ = {isa = PBXFileReference; lastKnownFileType = file.storyboard; name = Base; path = Base.lproj/LaunchScreen.storyboard; sourceTree = "<group>"; };
		FAD7AA452394E991008A1DD8 /* Info.plist */ = {isa = PBXFileReference; lastKnownFileType = text.plist.xml; path = Info.plist; sourceTree = "<group>"; };
/* End PBXFileReference section */

/* Begin PBXFrameworksBuildPhase section */
		FAD7AA2E2394E990008A1DD8 /* Frameworks */ = {
			isa = PBXFrameworksBuildPhase;
			buildActionMask = 2147483647;
			files = (
			);
			runOnlyForDeploymentPostprocessing = 0;
		};
/* End PBXFrameworksBuildPhase section */

/* Begin PBXGroup section */
		FAD7AA282394E990008A1DD8 = {
			isa = PBXGroup;
			children = (
				FAD7AA332394E990008A1DD8 /* assignment */,
				FAD7AA322394E990008A1DD8 /* Products */,
			);
			sourceTree = "<group>";
		};
		FAD7AA322394E990008A1DD8 /* Products */ = {
			isa = PBXGroup;
			children = (
				FAD7AA312394E990008A1DD8 /* assignment.app */,
			);
			name = Products;
			sourceTree = "<group>";
		};
		FAD7AA332394E990008A1DD8 /* assignment */ = {
			isa = PBXGroup;
			children = (
				FAD7AA342394E990008A1DD8 /* AppDelegate.swift */,
				FAD7AA362394E990008A1DD8 /* SceneDelegate.swift */,
				FAD7AA382394E990008A1DD8 /* ViewController.swift */,
				FAD7AA3A2394E990008A1DD8 /* Main.storyboard */,
				FAD7AA402394E991008A1DD8 /* Assets.xcassets */,
				FAD7AA422394E991008A1DD8 /* LaunchScreen.storyboard */,
				FAD7AA452394E991008A1DD8 /* Info.plist */,
				FAD7AA3D2394E990008A1DD8 /* assignment.xcdatamodeld */,
			);
			path = assignment;
			sourceTree = "<group>";
		};
/* End PBXGroup section */

/* Begin PBXNativeTarget section */
		FAD7AA302394E990008A1DD8 /* assignment */ = {
			isa = PBXNativeTarget;
			buildConfigurationList = FAD7AA482394E991008A1DD8 /* Build configuration list for PBXNativeTarget "assignment" */;
			buildPhases = (
				FAD7AA2D2394E990008A1DD8 /* Sources */,
				FAD7AA2E2394E990008A1DD8 /* Frameworks */,
				FAD7AA2F2394E990008A1DD8 /* Resources */,
			);
			buildRules = (
			);
			dependencies = (
			);
			name = assignment;
			productName = assignment;
			productReference = FAD7AA312394E990008A1DD8 /* assignment.app */;
			productType = "com.apple.product-type.application";
		};
/* End PBXNativeTarget section */

/* Begin PBXProject section */
		FAD7AA292394E990008A1DD8 /* Project object */ = {
			isa = PBXProject;
			attributes = {
				LastSwiftUpdateCheck = 1120;
				LastUpgradeCheck = 1120;
				ORGANIZATIONNAME = Lance;
				TargetAttributes = {
					FAD7AA302394E990008A1DD8 = {
						CreatedOnToolsVersion = 11.2.1;
					};
				};
			};
			buildConfigurationList = FAD7AA2C2394E990008A1DD8 /* Build configuration list for PBXProject "assignment" */;
			compatibilityVersion = "Xcode 9.3";
			developmentRegion = en;
			hasScannedForEncodings = 0;
			knownRegions = (
				en,
				Base,
			);
			mainGroup = FAD7AA282394E990008A1DD8;
			productRefGroup = FAD7AA322394E990008A1DD8 /* Products */;
			projectDirPath = "";
			projectRoot = "";
			targets = (
				FAD7AA302394E990008A1DD8 /* assignment */,
			);
		};
/* End PBXProject section */

/* Begin PBXResourcesBuildPhase section */
		FAD7AA2F2394E990008A1DD8 /* Resources */ = {
			isa = PBXResourcesBuildPhase;
			buildActionMask = 2147483647;
			files = (
				FAD7AA442394E991008A1DD8 /* LaunchScreen.storyboard in Resources */,
				FAD7AA412394E991008A1DD8 /* Assets.xcassets in Resources */,
				FAD7AA3C2394E990008A1DD8 /* Main.storyboard in Resources */,
			);
			runOnlyForDeploymentPostprocessing = 0;
		};
/* End PBXResourcesBuildPhase section */

/* Begin PBXSourcesBuildPhase section */
		FAD7AA2D2394E990008A1DD8 /* Sources */ = {
			isa = PBXSourcesBuildPhase;
			buildActionMask = 2147483647;
			files = (
				FAD7AA3F2394E990008A1DD8 /* assignment.xcdatamodeld in Sources */,
				FAD7AA392394E990008A1DD8 /* ViewController.swift in Sources */,
				FAD7AA352394E990008A1DD8 /* AppDelegate.swift in Sources */,
				FAD7AA372394E990008A1DD8 /* SceneDelegate.swift in Sources */,
			);
			runOnlyForDeploymentPostprocessing = 0;
		};
/* End PBXSourcesBuildPhase section */

/* Begin PBXVariantGroup section */
		FAD7AA3A2394E990008A1DD8 /* Main.storyboard */ = {
			isa = PBXVariantGroup;
			children = (
				FAD7AA3B2394E990008A1DD8 /* Base */,
			);
			name = Main.storyboard;
			sourceTree = "<group>";
		};
		FAD7AA422394E991008A1DD8 /* LaunchScreen.storyboard */ = {
			isa = PBXVariantGroup;
			children = (
				FAD7AA432394E991008A1DD8 /* Base */,
			);
			name = LaunchScreen.storyboard;
			sourceTree = "<group>";
		};
/* End PBXVariantGroup section */

/* Begin XCBuildConfiguration section */
		FAD7AA462394E991008A1DD8 /* Debug */ = {
			isa = XCBuildConfiguration;
			buildSettings = {
				ALWAYS_SEARCH_USER_PATHS = NO;
				CLANG_ANALYZER_NONNULL = YES;
				CLANG_ANALYZER_NUMBER_OBJECT_CONVERSION = YES_AGGRESSIVE;
				CLANG_CXX_LANGUAGE_STANDARD = "gnu++14";
				CLANG_CXX_LIBRARY = "libc++";
				CLANG_ENABLE_MODULES = YES;
				CLANG_ENABLE_OBJC_ARC = YES;
				CLANG_ENABLE_OBJC_WEAK = YES;
				CLANG_WARN_BLOCK_CAPTURE_AUTORELEASING = YES;
				CLANG_WARN_BOOL_CONVERSION = YES;
				CLANG_WARN_COMMA = YES;
				CLANG_WARN_CONSTANT_CONVERSION = YES;
				CLANG_WARN_DEPRECATED_OBJC_IMPLEMENTATIONS = YES;
				CLANG_WARN_DIRECT_OBJC_ISA_USAGE = YES_ERROR;
				CLANG_WARN_DOCUMENTATION_COMMENTS = YES;
				CLANG_WARN_EMPTY_BODY = YES;
				CLANG_WARN_ENUM_CONVERSION = YES;
				CLANG_WARN_INFINITE_RECURSION = YES;
				CLANG_WARN_INT_CONVERSION = YES;
				CLANG_WARN_NON_LITERAL_NULL_CONVERSION = YES;
				CLANG_WARN_OBJC_IMPLICIT_RETAIN_SELF = YES;
				CLANG_WARN_OBJC_LITERAL_CONVERSION = YES;
				CLANG_WARN_OBJC_ROOT_CLASS = YES_ERROR;
				CLANG_WARN_RANGE_LOOP_ANALYSIS = YES;
				CLANG_WARN_STRICT_PROTOTYPES = YES;
				CLANG_WARN_SUSPICIOUS_MOVE = YES;
				CLANG_WARN_UNGUARDED_AVAILABILITY = YES_AGGRESSIVE;
				CLANG_WARN_UNREACHABLE_CODE = YES;
				CLANG_WARN__DUPLICATE_METHOD_MATCH = YES;
				COPY_PHASE_STRIP = NO;
				DEBUG_INFORMATION_FORMAT = dwarf;
				ENABLE_STRICT_OBJC_MSGSEND = YES;
				ENABLE_TESTABILITY = YES;
				GCC_C_LANGUAGE_STANDARD = gnu11;
				GCC_DYNAMIC_NO_PIC = NO;
				GCC_NO_COMMON_BLOCKS = YES;
				GCC_OPTIMIZATION_LEVEL = 0;
				GCC_PREPROCESSOR_DEFINITIONS = (
					"DEBUG=1",
					"$(inherited)",
				);
				GCC_WARN_64_TO_32_BIT_CONVERSION = YES;
				GCC_WARN_ABOUT_RETURN_TYPE = YES_ERROR;
				GCC_WARN_UNDECLARED_SELECTOR = YES;
				GCC_WARN_UNINITIALIZED_AUTOS = YES_AGGRESSIVE;
				GCC_WARN_UNUSED_FUNCTION = YES;
				GCC_WARN_UNUSED_VARIABLE = YES;
				IPHONEOS_DEPLOYMENT_TARGET = 13.2;
				MTL_ENABLE_DEBUG_INFO = INCLUDE_SOURCE;
				MTL_FAST_MATH = YES;
				ONLY_ACTIVE_ARCH = YES;
				SDKROOT = iphoneos;
				SWIFT_ACTIVE_COMPILATION_CONDITIONS = DEBUG;
				SWIFT_OPTIMIZATION_LEVEL = "-Onone";
			};
			name = Debug;
		};
		FAD7AA472394E991008A1DD8 /* Release */ = {
			isa = XCBuildConfiguration;
			buildSettings = {
				ALWAYS_SEARCH_USER_PATHS = NO;
				CLANG_ANALYZER_NONNULL = YES;
				CLANG_ANALYZER_NUMBER_OBJECT_CONVERSION = YES_AGGRESSIVE;
				CLANG_CXX_LANGUAGE_STANDARD = "gnu++14";
				CLANG_CXX_LIBRARY = "libc++";
				CLANG_ENABLE_MODULES = YES;
				CLANG_ENABLE_OBJC_ARC = YES;
				CLANG_ENABLE_OBJC_WEAK = YES;
				CLANG_WARN_BLOCK_CAPTURE_AUTORELEASING = YES;
				CLANG_WARN_BOOL_CONVERSION = YES;
				CLANG_WARN_COMMA = YES;
				CLANG_WARN_CONSTANT_CONVERSION = YES;
				CLANG_WARN_DEPRECATED_OBJC_IMPLEMENTATIONS = YES;
				CLANG_WARN_DIRECT_OBJC_ISA_USAGE = YES_ERROR;
				CLANG_WARN_DOCUMENTATION_COMMENTS = YES;
				CLANG_WARN_EMPTY_BODY = YES;
				CLANG_WARN_ENUM_CONVERSION = YES;
				CLANG_WARN_INFINITE_RECURSION = YES;
				CLANG_WARN_INT_CONVERSION = YES;
				CLANG_WARN_NON_LITERAL_NULL_CONVERSION = YES;
				CLANG_WARN_OBJC_IMPLICIT_RETAIN_SELF = YES;
				CLANG_WARN_OBJC_LITERAL_CONVERSION = YES;
				CLANG_WARN_OBJC_ROOT_CLASS = YES_ERROR;
				CLANG_WARN_RANGE_LOOP_ANALYSIS = YES;
				CLANG_WARN_STRICT_PROTOTYPES = YES;
				CLANG_WARN_SUSPICIOUS_MOVE = YES;
				CLANG_WARN_UNGUARDED_AVAILABILITY = YES_AGGRESSIVE;
				CLANG_WARN_UNREACHABLE_CODE = YES;
				CLANG_WARN__DUPLICATE_METHOD_MATCH = YES;
				COPY_PHASE_STRIP = NO;
				DEBUG_INFORMATION_FORMAT = "dwarf-with-dsym";
				ENABLE_NS_ASSERTIONS = NO;
				ENABLE_STRICT_OBJC_MSGSEND = YES;
				GCC_C_LANGUAGE_STANDARD = gnu11;
				GCC_NO_COMMON_BLOCKS = YES;
				GCC_WARN_64_TO_32_BIT_CONVERSION = YES;
				GCC_WARN_ABOUT_RETURN_TYPE = YES_ERROR;
				GCC_WARN_UNDECLARED_SELECTOR = YES;
				GCC_WARN_UNINITIALIZED_AUTOS = YES_AGGRESSIVE;
				GCC_WARN_UNUSED_FUNCTION = YES;
				GCC_WARN_UNUSED_VARIABLE = YES;
				IPHONEOS_DEPLOYMENT_TARGET = 13.2;
				MTL_ENABLE_DEBUG_INFO = NO;
				MTL_FAST_MATH = YES;
				SDKROOT = iphoneos;
				SWIFT_COMPILATION_MODE = wholemodule;
				SWIFT_OPTIMIZATION_LEVEL = "-O";
				VALIDATE_PRODUCT = YES;
			};
			name = Release;
		};
		FAD7AA492394E991008A1DD8 /* Debug */ = {
			isa = XCBuildConfiguration;
			buildSettings = {
				ASSETCATALOG_COMPILER_APPICON_NAME = AppIcon;
				CODE_SIGN_STYLE = Automatic;
				DEVELOPMENT_TEAM = X5UU836A27;
				INFOPLIST_FILE = assignment/Info.plist;
				LD_RUNPATH_SEARCH_PATHS = (
					"$(inherited)",
					"@executable_path/Frameworks",
				);
				PRODUCT_BUNDLE_IDENTIFIER = com.blustery.assignment;
				PRODUCT_NAME = "$(TARGET_NAME)";
				SWIFT_VERSION = 5.0;
				TARGETED_DEVICE_FAMILY = "1,2";
			};
			name = Debug;
		};
		FAD7AA4A2394E991008A1DD8 /* Release */ = {
			isa = XCBuildConfiguration;
			buildSettings = {
				ASSETCATALOG_COMPILER_APPICON_NAME = AppIcon;
				CODE_SIGN_STYLE = Automatic;
				DEVELOPMENT_TEAM = X5UU836A27;
				INFOPLIST_FILE = assignment/Info.plist;
				LD_RUNPATH_SEARCH_PATHS = (
					"$(inherited)",
					"@executable_path/Frameworks",
				);
				PRODUCT_BUNDLE_IDENTIFIER = com.blustery.assignment;
				PRODUCT_NAME = "$(TARGET_NAME)";
				SWIFT_VERSION = 5.0;
				TARGETED_DEVICE_FAMILY = "1,2";
			};
			name = Release;
		};
/* End XCBuildConfiguration section */

/* Begin XCConfigurationList section */
		FAD7AA2C2394E990008A1DD8 /* Build configuration list for PBXProject "assignment" */ = {
			isa = XCConfigurationList;
			buildConfigurations = (
				FAD7AA462394E991008A1DD8 /* Debug */,
				FAD7AA472394E991008A1DD8 /* Release */,
			);
			defaultConfigurationIsVisible = 0;
			defaultConfigurationName = Release;
		};
		FAD7AA482394E991008A1DD8 /* Build configuration list for PBXNativeTarget "assignment" */ = {
			isa = XCConfigurationList;
			buildConfigurations = (
				FAD7AA492394E991008A1DD8 /* Debug */,
				FAD7AA4A2394E991008A1DD8 /* Release */,
			);
			defaultConfigurationIsVisible = 0;
			defaultConfigurationName = Release;
		};
/* End XCConfigurationList section */

/* Begin XCVersionGroup section */
		FAD7AA3D2394E990008A1DD8 /* assignment.xcdatamodeld */ = {
			isa = XCVersionGroup;
			children = (
				FAD7AA3E2394E990008A1DD8 /* assignment.xcdatamodel */,
			);
			currentVersion = FAD7AA3E2394E990008A1DD8 /* assignment.xcdatamodel */;
			path = assignment.xcdatamodeld;
			sourceTree = "<group>";
			versionGroupType = wrapper.xcdatamodel;
		};
/* End XCVersionGroup section */
	};
	rootObject = FAD7AA292394E990008A1DD8 /* Project object */;
}
