// !$*UTF8*$!
{
	archiveVersion = 1;
	classes = {
	};
	objectVersion = 50;
	objects = {

/* Begin PBXBuildFile section */
		FABDD7C723A9069D001FDF63 /* AppDelegate.swift in Sources */ = {isa = PBXBuildFile; fileRef = FABDD7C623A9069D001FDF63 /* AppDelegate.swift */; };
		FABDD7C923A9069D001FDF63 /* SceneDelegate.swift in Sources */ = {isa = PBXBuildFile; fileRef = FABDD7C823A9069D001FDF63 /* SceneDelegate.swift */; };
		FABDD7CB23A9069D001FDF63 /* TableViewSection.swift in Sources */ = {isa = PBXBuildFile; fileRef = FABDD7CA23A9069D001FDF63 /* TableViewSection.swift */; };
		FABDD7CE23A9069D001FDF63 /* Main.storyboard in Resources */ = {isa = PBXBuildFile; fileRef = FABDD7CC23A9069D001FDF63 /* Main.storyboard */; };
		FABDD7D123A9069D001FDF63 /* Dec17.xcdatamodeld in Sources */ = {isa = PBXBuildFile; fileRef = FABDD7CF23A9069D001FDF63 /* Dec17.xcdatamodeld */; };
		FABDD7D323A9069E001FDF63 /* Assets.xcassets in Resources */ = {isa = PBXBuildFile; fileRef = FABDD7D223A9069E001FDF63 /* Assets.xcassets */; };
		FABDD7D623A9069E001FDF63 /* LaunchScreen.storyboard in Resources */ = {isa = PBXBuildFile; fileRef = FABDD7D423A9069E001FDF63 /* LaunchScreen.storyboard */; };
		FABDD7DE23A906AF001FDF63 /* TableRefresh.swift in Sources */ = {isa = PBXBuildFile; fileRef = FABDD7DD23A906AF001FDF63 /* TableRefresh.swift */; };
/* End PBXBuildFile section */

/* Begin PBXFileReference section */
		FABDD7C323A9069D001FDF63 /* Dec17.app */ = {isa = PBXFileReference; explicitFileType = wrapper.application; includeInIndex = 0; path = Dec17.app; sourceTree = BUILT_PRODUCTS_DIR; };
		FABDD7C623A9069D001FDF63 /* AppDelegate.swift */ = {isa = PBXFileReference; lastKnownFileType = sourcecode.swift; path = AppDelegate.swift; sourceTree = "<group>"; };
		FABDD7C823A9069D001FDF63 /* SceneDelegate.swift */ = {isa = PBXFileReference; lastKnownFileType = sourcecode.swift; path = SceneDelegate.swift; sourceTree = "<group>"; };
		FABDD7CA23A9069D001FDF63 /* TableViewSection.swift */ = {isa = PBXFileReference; lastKnownFileType = sourcecode.swift; path = TableViewSection.swift; sourceTree = "<group>"; };
		FABDD7CD23A9069D001FDF63 /* Base */ = {isa = PBXFileReference; lastKnownFileType = file.storyboard; name = Base; path = Base.lproj/Main.storyboard; sourceTree = "<group>"; };
		FABDD7D023A9069D001FDF63 /* Dec17.xcdatamodel */ = {isa = PBXFileReference; lastKnownFileType = wrapper.xcdatamodel; path = Dec17.xcdatamodel; sourceTree = "<group>"; };
		FABDD7D223A9069E001FDF63 /* Assets.xcassets */ = {isa = PBXFileReference; lastKnownFileType = folder.assetcatalog; path = Assets.xcassets; sourceTree = "<group>"; };
		FABDD7D523A9069E001FDF63 /* Base */ = {isa = PBXFileReference; lastKnownFileType = file.storyboard; name = Base; path = Base.lproj/LaunchScreen.storyboard; sourceTree = "<group>"; };
		FABDD7D723A9069E001FDF63 /* Info.plist */ = {isa = PBXFileReference; lastKnownFileType = text.plist.xml; path = Info.plist; sourceTree = "<group>"; };
		FABDD7DD23A906AF001FDF63 /* TableRefresh.swift */ = {isa = PBXFileReference; lastKnownFileType = sourcecode.swift; path = TableRefresh.swift; sourceTree = "<group>"; };
/* End PBXFileReference section */

/* Begin PBXFrameworksBuildPhase section */
		FABDD7C023A9069D001FDF63 /* Frameworks */ = {
			isa = PBXFrameworksBuildPhase;
			buildActionMask = 2147483647;
			files = (
			);
			runOnlyForDeploymentPostprocessing = 0;
		};
/* End PBXFrameworksBuildPhase section */

/* Begin PBXGroup section */
		FABDD7BA23A9069D001FDF63 = {
			isa = PBXGroup;
			children = (
				FABDD7C523A9069D001FDF63 /* Dec17 */,
				FABDD7C423A9069D001FDF63 /* Products */,
			);
			sourceTree = "<group>";
		};
		FABDD7C423A9069D001FDF63 /* Products */ = {
			isa = PBXGroup;
			children = (
				FABDD7C323A9069D001FDF63 /* Dec17.app */,
			);
			name = Products;
			sourceTree = "<group>";
		};
		FABDD7C523A9069D001FDF63 /* Dec17 */ = {
			isa = PBXGroup;
			children = (
				FABDD7C623A9069D001FDF63 /* AppDelegate.swift */,
				FABDD7C823A9069D001FDF63 /* SceneDelegate.swift */,
				FABDD7CA23A9069D001FDF63 /* TableViewSection.swift */,
				FABDD7DD23A906AF001FDF63 /* TableRefresh.swift */,
				FABDD7CC23A9069D001FDF63 /* Main.storyboard */,
				FABDD7D223A9069E001FDF63 /* Assets.xcassets */,
				FABDD7D423A9069E001FDF63 /* LaunchScreen.storyboard */,
				FABDD7D723A9069E001FDF63 /* Info.plist */,
				FABDD7CF23A9069D001FDF63 /* Dec17.xcdatamodeld */,
			);
			path = Dec17;
			sourceTree = "<group>";
		};
/* End PBXGroup section */

/* Begin PBXNativeTarget section */
		FABDD7C223A9069D001FDF63 /* Dec17 */ = {
			isa = PBXNativeTarget;
			buildConfigurationList = FABDD7DA23A9069E001FDF63 /* Build configuration list for PBXNativeTarget "Dec17" */;
			buildPhases = (
				FABDD7BF23A9069D001FDF63 /* Sources */,
				FABDD7C023A9069D001FDF63 /* Frameworks */,
				FABDD7C123A9069D001FDF63 /* Resources */,
			);
			buildRules = (
			);
			dependencies = (
			);
			name = Dec17;
			productName = Dec17;
			productReference = FABDD7C323A9069D001FDF63 /* Dec17.app */;
			productType = "com.apple.product-type.application";
		};
/* End PBXNativeTarget section */

/* Begin PBXProject section */
		FABDD7BB23A9069D001FDF63 /* Project object */ = {
			isa = PBXProject;
			attributes = {
				LastSwiftUpdateCheck = 1130;
				LastUpgradeCheck = 1130;
				ORGANIZATIONNAME = Lance;
				TargetAttributes = {
					FABDD7C223A9069D001FDF63 = {
						CreatedOnToolsVersion = 11.3;
					};
				};
			};
			buildConfigurationList = FABDD7BE23A9069D001FDF63 /* Build configuration list for PBXProject "Dec17" */;
			compatibilityVersion = "Xcode 9.3";
			developmentRegion = en;
			hasScannedForEncodings = 0;
			knownRegions = (
				en,
				Base,
			);
			mainGroup = FABDD7BA23A9069D001FDF63;
			productRefGroup = FABDD7C423A9069D001FDF63 /* Products */;
			projectDirPath = "";
			projectRoot = "";
			targets = (
				FABDD7C223A9069D001FDF63 /* Dec17 */,
			);
		};
/* End PBXProject section */

/* Begin PBXResourcesBuildPhase section */
		FABDD7C123A9069D001FDF63 /* Resources */ = {
			isa = PBXResourcesBuildPhase;
			buildActionMask = 2147483647;
			files = (
				FABDD7D623A9069E001FDF63 /* LaunchScreen.storyboard in Resources */,
				FABDD7D323A9069E001FDF63 /* Assets.xcassets in Resources */,
				FABDD7CE23A9069D001FDF63 /* Main.storyboard in Resources */,
			);
			runOnlyForDeploymentPostprocessing = 0;
		};
/* End PBXResourcesBuildPhase section */

/* Begin PBXSourcesBuildPhase section */
		FABDD7BF23A9069D001FDF63 /* Sources */ = {
			isa = PBXSourcesBuildPhase;
			buildActionMask = 2147483647;
			files = (
				FABDD7DE23A906AF001FDF63 /* TableRefresh.swift in Sources */,
				FABDD7CB23A9069D001FDF63 /* TableViewSection.swift in Sources */,
				FABDD7C723A9069D001FDF63 /* AppDelegate.swift in Sources */,
				FABDD7D123A9069D001FDF63 /* Dec17.xcdatamodeld in Sources */,
				FABDD7C923A9069D001FDF63 /* SceneDelegate.swift in Sources */,
			);
			runOnlyForDeploymentPostprocessing = 0;
		};
/* End PBXSourcesBuildPhase section */

/* Begin PBXVariantGroup section */
		FABDD7CC23A9069D001FDF63 /* Main.storyboard */ = {
			isa = PBXVariantGroup;
			children = (
				FABDD7CD23A9069D001FDF63 /* Base */,
			);
			name = Main.storyboard;
			sourceTree = "<group>";
		};
		FABDD7D423A9069E001FDF63 /* LaunchScreen.storyboard */ = {
			isa = PBXVariantGroup;
			children = (
				FABDD7D523A9069E001FDF63 /* Base */,
			);
			name = LaunchScreen.storyboard;
			sourceTree = "<group>";
		};
/* End PBXVariantGroup section */

/* Begin XCBuildConfiguration section */
		FABDD7D823A9069E001FDF63 /* Debug */ = {
			isa = XCBuildConfiguration;
			buildSettings = {
				ALWAYS_SEARCH_USER_PATHS = NO;
				CLANG_ANALYZER_NONNULL = YES;
				CLANG_ANALYZER_NUMBER_OBJECT_CONVERSION = YES_AGGRESSIVE;
				CLANG_CXX_LANGUAGE_STANDARD = "gnu++14";
				CLANG_CXX_LIBRARY = "libc++";
				CLANG_ENABLE_MODULES = YES;
				CLANG_ENABLE_OBJC_ARC = YES;
				CLANG_ENABLE_OBJC_WEAK = YES;
				CLANG_WARN_BLOCK_CAPTURE_AUTORELEASING = YES;
				CLANG_WARN_BOOL_CONVERSION = YES;
				CLANG_WARN_COMMA = YES;
				CLANG_WARN_CONSTANT_CONVERSION = YES;
				CLANG_WARN_DEPRECATED_OBJC_IMPLEMENTATIONS = YES;
				CLANG_WARN_DIRECT_OBJC_ISA_USAGE = YES_ERROR;
				CLANG_WARN_DOCUMENTATION_COMMENTS = YES;
				CLANG_WARN_EMPTY_BODY = YES;
				CLANG_WARN_ENUM_CONVERSION = YES;
				CLANG_WARN_INFINITE_RECURSION = YES;
				CLANG_WARN_INT_CONVERSION = YES;
				CLANG_WARN_NON_LITERAL_NULL_CONVERSION = YES;
				CLANG_WARN_OBJC_IMPLICIT_RETAIN_SELF = YES;
				CLANG_WARN_OBJC_LITERAL_CONVERSION = YES;
				CLANG_WARN_OBJC_ROOT_CLASS = YES_ERROR;
				CLANG_WARN_RANGE_LOOP_ANALYSIS = YES;
				CLANG_WARN_STRICT_PROTOTYPES = YES;
				CLANG_WARN_SUSPICIOUS_MOVE = YES;
				CLANG_WARN_UNGUARDED_AVAILABILITY = YES_AGGRESSIVE;
				CLANG_WARN_UNREACHABLE_CODE = YES;
				CLANG_WARN__DUPLICATE_METHOD_MATCH = YES;
				COPY_PHASE_STRIP = NO;
				DEBUG_INFORMATION_FORMAT = dwarf;
				ENABLE_STRICT_OBJC_MSGSEND = YES;
				ENABLE_TESTABILITY = YES;
				GCC_C_LANGUAGE_STANDARD = gnu11;
				GCC_DYNAMIC_NO_PIC = NO;
				GCC_NO_COMMON_BLOCKS = YES;
				GCC_OPTIMIZATION_LEVEL = 0;
				GCC_PREPROCESSOR_DEFINITIONS = (
					"DEBUG=1",
					"$(inherited)",
				);
				GCC_WARN_64_TO_32_BIT_CONVERSION = YES;
				GCC_WARN_ABOUT_RETURN_TYPE = YES_ERROR;
				GCC_WARN_UNDECLARED_SELECTOR = YES;
				GCC_WARN_UNINITIALIZED_AUTOS = YES_AGGRESSIVE;
				GCC_WARN_UNUSED_FUNCTION = YES;
				GCC_WARN_UNUSED_VARIABLE = YES;
				IPHONEOS_DEPLOYMENT_TARGET = 13.2;
				MTL_ENABLE_DEBUG_INFO = INCLUDE_SOURCE;
				MTL_FAST_MATH = YES;
				ONLY_ACTIVE_ARCH = YES;
				SDKROOT = iphoneos;
				SWIFT_ACTIVE_COMPILATION_CONDITIONS = DEBUG;
				SWIFT_OPTIMIZATION_LEVEL = "-Onone";
			};
			name = Debug;
		};
		FABDD7D923A9069E001FDF63 /* Release */ = {
			isa = XCBuildConfiguration;
			buildSettings = {
				ALWAYS_SEARCH_USER_PATHS = NO;
				CLANG_ANALYZER_NONNULL = YES;
				CLANG_ANALYZER_NUMBER_OBJECT_CONVERSION = YES_AGGRESSIVE;
				CLANG_CXX_LANGUAGE_STANDARD = "gnu++14";
				CLANG_CXX_LIBRARY = "libc++";
				CLANG_ENABLE_MODULES = YES;
				CLANG_ENABLE_OBJC_ARC = YES;
				CLANG_ENABLE_OBJC_WEAK = YES;
				CLANG_WARN_BLOCK_CAPTURE_AUTORELEASING = YES;
				CLANG_WARN_BOOL_CONVERSION = YES;
				CLANG_WARN_COMMA = YES;
				CLANG_WARN_CONSTANT_CONVERSION = YES;
				CLANG_WARN_DEPRECATED_OBJC_IMPLEMENTATIONS = YES;
				CLANG_WARN_DIRECT_OBJC_ISA_USAGE = YES_ERROR;
				CLANG_WARN_DOCUMENTATION_COMMENTS = YES;
				CLANG_WARN_EMPTY_BODY = YES;
				CLANG_WARN_ENUM_CONVERSION = YES;
				CLANG_WARN_INFINITE_RECURSION = YES;
				CLANG_WARN_INT_CONVERSION = YES;
				CLANG_WARN_NON_LITERAL_NULL_CONVERSION = YES;
				CLANG_WARN_OBJC_IMPLICIT_RETAIN_SELF = YES;
				CLANG_WARN_OBJC_LITERAL_CONVERSION = YES;
				CLANG_WARN_OBJC_ROOT_CLASS = YES_ERROR;
				CLANG_WARN_RANGE_LOOP_ANALYSIS = YES;
				CLANG_WARN_STRICT_PROTOTYPES = YES;
				CLANG_WARN_SUSPICIOUS_MOVE = YES;
				CLANG_WARN_UNGUARDED_AVAILABILITY = YES_AGGRESSIVE;
				CLANG_WARN_UNREACHABLE_CODE = YES;
				CLANG_WARN__DUPLICATE_METHOD_MATCH = YES;
				COPY_PHASE_STRIP = NO;
				DEBUG_INFORMATION_FORMAT = "dwarf-with-dsym";
				ENABLE_NS_ASSERTIONS = NO;
				ENABLE_STRICT_OBJC_MSGSEND = YES;
				GCC_C_LANGUAGE_STANDARD = gnu11;
				GCC_NO_COMMON_BLOCKS = YES;
				GCC_WARN_64_TO_32_BIT_CONVERSION = YES;
				GCC_WARN_ABOUT_RETURN_TYPE = YES_ERROR;
				GCC_WARN_UNDECLARED_SELECTOR = YES;
				GCC_WARN_UNINITIALIZED_AUTOS = YES_AGGRESSIVE;
				GCC_WARN_UNUSED_FUNCTION = YES;
				GCC_WARN_UNUSED_VARIABLE = YES;
				IPHONEOS_DEPLOYMENT_TARGET = 13.2;
				MTL_ENABLE_DEBUG_INFO = NO;
				MTL_FAST_MATH = YES;
				SDKROOT = iphoneos;
				SWIFT_COMPILATION_MODE = wholemodule;
				SWIFT_OPTIMIZATION_LEVEL = "-O";
				VALIDATE_PRODUCT = YES;
			};
			name = Release;
		};
		FABDD7DB23A9069E001FDF63 /* Debug */ = {
			isa = XCBuildConfiguration;
			buildSettings = {
				ASSETCATALOG_COMPILER_APPICON_NAME = AppIcon;
				CODE_SIGN_STYLE = Automatic;
				DEVELOPMENT_TEAM = X5UU836A27;
				INFOPLIST_FILE = Dec17/Info.plist;
				LD_RUNPATH_SEARCH_PATHS = (
					"$(inherited)",
					"@executable_path/Frameworks",
				);
				PRODUCT_BUNDLE_IDENTIFIER = com.blustery.Dec17;
				PRODUCT_NAME = "$(TARGET_NAME)";
				SWIFT_VERSION = 5.0;
				TARGETED_DEVICE_FAMILY = "1,2";
			};
			name = Debug;
		};
		FABDD7DC23A9069E001FDF63 /* Release */ = {
			isa = XCBuildConfiguration;
			buildSettings = {
				ASSETCATALOG_COMPILER_APPICON_NAME = AppIcon;
				CODE_SIGN_STYLE = Automatic;
				DEVELOPMENT_TEAM = X5UU836A27;
				INFOPLIST_FILE = Dec17/Info.plist;
				LD_RUNPATH_SEARCH_PATHS = (
					"$(inherited)",
					"@executable_path/Frameworks",
				);
				PRODUCT_BUNDLE_IDENTIFIER = com.blustery.Dec17;
				PRODUCT_NAME = "$(TARGET_NAME)";
				SWIFT_VERSION = 5.0;
				TARGETED_DEVICE_FAMILY = "1,2";
			};
			name = Release;
		};
/* End XCBuildConfiguration section */

/* Begin XCConfigurationList section */
		FABDD7BE23A9069D001FDF63 /* Build configuration list for PBXProject "Dec17" */ = {
			isa = XCConfigurationList;
			buildConfigurations = (
				FABDD7D823A9069E001FDF63 /* Debug */,
				FABDD7D923A9069E001FDF63 /* Release */,
			);
			defaultConfigurationIsVisible = 0;
			defaultConfigurationName = Release;
		};
		FABDD7DA23A9069E001FDF63 /* Build configuration list for PBXNativeTarget "Dec17" */ = {
			isa = XCConfigurationList;
			buildConfigurations = (
				FABDD7DB23A9069E001FDF63 /* Debug */,
				FABDD7DC23A9069E001FDF63 /* Release */,
			);
			defaultConfigurationIsVisible = 0;
			defaultConfigurationName = Release;
		};
/* End XCConfigurationList section */

/* Begin XCVersionGroup section */
		FABDD7CF23A9069D001FDF63 /* Dec17.xcdatamodeld */ = {
			isa = XCVersionGroup;
			children = (
				FABDD7D023A9069D001FDF63 /* Dec17.xcdatamodel */,
			);
			currentVersion = FABDD7D023A9069D001FDF63 /* Dec17.xcdatamodel */;
			path = Dec17.xcdatamodeld;
			sourceTree = "<group>";
			versionGroupType = wrapper.xcdatamodel;
		};
/* End XCVersionGroup section */
	};
	rootObject = FABDD7BB23A9069D001FDF63 /* Project object */;
}
