// !$*UTF8*$!
{
	archiveVersion = 1;
	classes = {
	};
	objectVersion = 50;
	objects = {

/* Begin PBXBuildFile section */
		FAC9B8E323A7675E00D13071 /* AppDelegate.swift in Sources */ = {isa = PBXBuildFile; fileRef = FAC9B8E223A7675E00D13071 /* AppDelegate.swift */; };
		FAC9B8E523A7675E00D13071 /* SceneDelegate.swift in Sources */ = {isa = PBXBuildFile; fileRef = FAC9B8E423A7675E00D13071 /* SceneDelegate.swift */; };
		FAC9B8E723A7675E00D13071 /* ViewController.swift in Sources */ = {isa = PBXBuildFile; fileRef = FAC9B8E623A7675E00D13071 /* ViewController.swift */; };
		FAC9B8EA23A7675E00D13071 /* Main.storyboard in Resources */ = {isa = PBXBuildFile; fileRef = FAC9B8E823A7675E00D13071 /* Main.storyboard */; };
		FAC9B8ED23A7675E00D13071 /* UistackViewDec16th.xcdatamodeld in Sources */ = {isa = PBXBuildFile; fileRef = FAC9B8EB23A7675E00D13071 /* UistackViewDec16th.xcdatamodeld */; };
		FAC9B8EF23A7676000D13071 /* Assets.xcassets in Resources */ = {isa = PBXBuildFile; fileRef = FAC9B8EE23A7676000D13071 /* Assets.xcassets */; };
		FAC9B8F223A7676000D13071 /* LaunchScreen.storyboard in Resources */ = {isa = PBXBuildFile; fileRef = FAC9B8F023A7676000D13071 /* LaunchScreen.storyboard */; };
/* End PBXBuildFile section */

/* Begin PBXFileReference section */
		FAC9B8DF23A7675E00D13071 /* UistackViewDec16th.app */ = {isa = PBXFileReference; explicitFileType = wrapper.application; includeInIndex = 0; path = UistackViewDec16th.app; sourceTree = BUILT_PRODUCTS_DIR; };
		FAC9B8E223A7675E00D13071 /* AppDelegate.swift */ = {isa = PBXFileReference; lastKnownFileType = sourcecode.swift; path = AppDelegate.swift; sourceTree = "<group>"; };
		FAC9B8E423A7675E00D13071 /* SceneDelegate.swift */ = {isa = PBXFileReference; lastKnownFileType = sourcecode.swift; path = SceneDelegate.swift; sourceTree = "<group>"; };
		FAC9B8E623A7675E00D13071 /* ViewController.swift */ = {isa = PBXFileReference; lastKnownFileType = sourcecode.swift; path = ViewController.swift; sourceTree = "<group>"; };
		FAC9B8E923A7675E00D13071 /* Base */ = {isa = PBXFileReference; lastKnownFileType = file.storyboard; name = Base; path = Base.lproj/Main.storyboard; sourceTree = "<group>"; };
		FAC9B8EC23A7675E00D13071 /* UistackViewDec16th.xcdatamodel */ = {isa = PBXFileReference; lastKnownFileType = wrapper.xcdatamodel; path = UistackViewDec16th.xcdatamodel; sourceTree = "<group>"; };
		FAC9B8EE23A7676000D13071 /* Assets.xcassets */ = {isa = PBXFileReference; lastKnownFileType = folder.assetcatalog; path = Assets.xcassets; sourceTree = "<group>"; };
		FAC9B8F123A7676000D13071 /* Base */ = {isa = PBXFileReference; lastKnownFileType = file.storyboard; name = Base; path = Base.lproj/LaunchScreen.storyboard; sourceTree = "<group>"; };
		FAC9B8F323A7676000D13071 /* Info.plist */ = {isa = PBXFileReference; lastKnownFileType = text.plist.xml; path = Info.plist; sourceTree = "<group>"; };
/* End PBXFileReference section */

/* Begin PBXFrameworksBuildPhase section */
		FAC9B8DC23A7675E00D13071 /* Frameworks */ = {
			isa = PBXFrameworksBuildPhase;
			buildActionMask = 2147483647;
			files = (
			);
			runOnlyForDeploymentPostprocessing = 0;
		};
/* End PBXFrameworksBuildPhase section */

/* Begin PBXGroup section */
		FAC9B8D623A7675E00D13071 = {
			isa = PBXGroup;
			children = (
				FAC9B8E123A7675E00D13071 /* UistackViewDec16th */,
				FAC9B8E023A7675E00D13071 /* Products */,
			);
			sourceTree = "<group>";
		};
		FAC9B8E023A7675E00D13071 /* Products */ = {
			isa = PBXGroup;
			children = (
				FAC9B8DF23A7675E00D13071 /* UistackViewDec16th.app */,
			);
			name = Products;
			sourceTree = "<group>";
		};
		FAC9B8E123A7675E00D13071 /* UistackViewDec16th */ = {
			isa = PBXGroup;
			children = (
				FAC9B8E223A7675E00D13071 /* AppDelegate.swift */,
				FAC9B8E423A7675E00D13071 /* SceneDelegate.swift */,
				FAC9B8E623A7675E00D13071 /* ViewController.swift */,
				FAC9B8E823A7675E00D13071 /* Main.storyboard */,
				FAC9B8EE23A7676000D13071 /* Assets.xcassets */,
				FAC9B8F023A7676000D13071 /* LaunchScreen.storyboard */,
				FAC9B8F323A7676000D13071 /* Info.plist */,
				FAC9B8EB23A7675E00D13071 /* UistackViewDec16th.xcdatamodeld */,
			);
			path = UistackViewDec16th;
			sourceTree = "<group>";
		};
/* End PBXGroup section */

/* Begin PBXNativeTarget section */
		FAC9B8DE23A7675E00D13071 /* UistackViewDec16th */ = {
			isa = PBXNativeTarget;
			buildConfigurationList = FAC9B8F623A7676000D13071 /* Build configuration list for PBXNativeTarget "UistackViewDec16th" */;
			buildPhases = (
				FAC9B8DB23A7675E00D13071 /* Sources */,
				FAC9B8DC23A7675E00D13071 /* Frameworks */,
				FAC9B8DD23A7675E00D13071 /* Resources */,
			);
			buildRules = (
			);
			dependencies = (
			);
			name = UistackViewDec16th;
			productName = UistackViewDec16th;
			productReference = FAC9B8DF23A7675E00D13071 /* UistackViewDec16th.app */;
			productType = "com.apple.product-type.application";
		};
/* End PBXNativeTarget section */

/* Begin PBXProject section */
		FAC9B8D723A7675E00D13071 /* Project object */ = {
			isa = PBXProject;
			attributes = {
				LastSwiftUpdateCheck = 1130;
				LastUpgradeCheck = 1130;
				ORGANIZATIONNAME = Lance;
				TargetAttributes = {
					FAC9B8DE23A7675E00D13071 = {
						CreatedOnToolsVersion = 11.3;
					};
				};
			};
			buildConfigurationList = FAC9B8DA23A7675E00D13071 /* Build configuration list for PBXProject "UistackViewDec16th" */;
			compatibilityVersion = "Xcode 9.3";
			developmentRegion = en;
			hasScannedForEncodings = 0;
			knownRegions = (
				en,
				Base,
			);
			mainGroup = FAC9B8D623A7675E00D13071;
			productRefGroup = FAC9B8E023A7675E00D13071 /* Products */;
			projectDirPath = "";
			projectRoot = "";
			targets = (
				FAC9B8DE23A7675E00D13071 /* UistackViewDec16th */,
			);
		};
/* End PBXProject section */

/* Begin PBXResourcesBuildPhase section */
		FAC9B8DD23A7675E00D13071 /* Resources */ = {
			isa = PBXResourcesBuildPhase;
			buildActionMask = 2147483647;
			files = (
				FAC9B8F223A7676000D13071 /* LaunchScreen.storyboard in Resources */,
				FAC9B8EF23A7676000D13071 /* Assets.xcassets in Resources */,
				FAC9B8EA23A7675E00D13071 /* Main.storyboard in Resources */,
			);
			runOnlyForDeploymentPostprocessing = 0;
		};
/* End PBXResourcesBuildPhase section */

/* Begin PBXSourcesBuildPhase section */
		FAC9B8DB23A7675E00D13071 /* Sources */ = {
			isa = PBXSourcesBuildPhase;
			buildActionMask = 2147483647;
			files = (
				FAC9B8E723A7675E00D13071 /* ViewController.swift in Sources */,
				FAC9B8ED23A7675E00D13071 /* UistackViewDec16th.xcdatamodeld in Sources */,
				FAC9B8E323A7675E00D13071 /* AppDelegate.swift in Sources */,
				FAC9B8E523A7675E00D13071 /* SceneDelegate.swift in Sources */,
			);
			runOnlyForDeploymentPostprocessing = 0;
		};
/* End PBXSourcesBuildPhase section */

/* Begin PBXVariantGroup section */
		FAC9B8E823A7675E00D13071 /* Main.storyboard */ = {
			isa = PBXVariantGroup;
			children = (
				FAC9B8E923A7675E00D13071 /* Base */,
			);
			name = Main.storyboard;
			sourceTree = "<group>";
		};
		FAC9B8F023A7676000D13071 /* LaunchScreen.storyboard */ = {
			isa = PBXVariantGroup;
			children = (
				FAC9B8F123A7676000D13071 /* Base */,
			);
			name = LaunchScreen.storyboard;
			sourceTree = "<group>";
		};
/* End PBXVariantGroup section */

/* Begin XCBuildConfiguration section */
		FAC9B8F423A7676000D13071 /* Debug */ = {
			isa = XCBuildConfiguration;
			buildSettings = {
				ALWAYS_SEARCH_USER_PATHS = NO;
				CLANG_ANALYZER_NONNULL = YES;
				CLANG_ANALYZER_NUMBER_OBJECT_CONVERSION = YES_AGGRESSIVE;
				CLANG_CXX_LANGUAGE_STANDARD = "gnu++14";
				CLANG_CXX_LIBRARY = "libc++";
				CLANG_ENABLE_MODULES = YES;
				CLANG_ENABLE_OBJC_ARC = YES;
				CLANG_ENABLE_OBJC_WEAK = YES;
				CLANG_WARN_BLOCK_CAPTURE_AUTORELEASING = YES;
				CLANG_WARN_BOOL_CONVERSION = YES;
				CLANG_WARN_COMMA = YES;
				CLANG_WARN_CONSTANT_CONVERSION = YES;
				CLANG_WARN_DEPRECATED_OBJC_IMPLEMENTATIONS = YES;
				CLANG_WARN_DIRECT_OBJC_ISA_USAGE = YES_ERROR;
				CLANG_WARN_DOCUMENTATION_COMMENTS = YES;
				CLANG_WARN_EMPTY_BODY = YES;
				CLANG_WARN_ENUM_CONVERSION = YES;
				CLANG_WARN_INFINITE_RECURSION = YES;
				CLANG_WARN_INT_CONVERSION = YES;
				CLANG_WARN_NON_LITERAL_NULL_CONVERSION = YES;
				CLANG_WARN_OBJC_IMPLICIT_RETAIN_SELF = YES;
				CLANG_WARN_OBJC_LITERAL_CONVERSION = YES;
				CLANG_WARN_OBJC_ROOT_CLASS = YES_ERROR;
				CLANG_WARN_RANGE_LOOP_ANALYSIS = YES;
				CLANG_WARN_STRICT_PROTOTYPES = YES;
				CLANG_WARN_SUSPICIOUS_MOVE = YES;
				CLANG_WARN_UNGUARDED_AVAILABILITY = YES_AGGRESSIVE;
				CLANG_WARN_UNREACHABLE_CODE = YES;
				CLANG_WARN__DUPLICATE_METHOD_MATCH = YES;
				COPY_PHASE_STRIP = NO;
				DEBUG_INFORMATION_FORMAT = dwarf;
				ENABLE_STRICT_OBJC_MSGSEND = YES;
				ENABLE_TESTABILITY = YES;
				GCC_C_LANGUAGE_STANDARD = gnu11;
				GCC_DYNAMIC_NO_PIC = NO;
				GCC_NO_COMMON_BLOCKS = YES;
				GCC_OPTIMIZATION_LEVEL = 0;
				GCC_PREPROCESSOR_DEFINITIONS = (
					"DEBUG=1",
					"$(inherited)",
				);
				GCC_WARN_64_TO_32_BIT_CONVERSION = YES;
				GCC_WARN_ABOUT_RETURN_TYPE = YES_ERROR;
				GCC_WARN_UNDECLARED_SELECTOR = YES;
				GCC_WARN_UNINITIALIZED_AUTOS = YES_AGGRESSIVE;
				GCC_WARN_UNUSED_FUNCTION = YES;
				GCC_WARN_UNUSED_VARIABLE = YES;
				IPHONEOS_DEPLOYMENT_TARGET = 13.2;
				MTL_ENABLE_DEBUG_INFO = INCLUDE_SOURCE;
				MTL_FAST_MATH = YES;
				ONLY_ACTIVE_ARCH = YES;
				SDKROOT = iphoneos;
				SWIFT_ACTIVE_COMPILATION_CONDITIONS = DEBUG;
				SWIFT_OPTIMIZATION_LEVEL = "-Onone";
			};
			name = Debug;
		};
		FAC9B8F523A7676000D13071 /* Release */ = {
			isa = XCBuildConfiguration;
			buildSettings = {
				ALWAYS_SEARCH_USER_PATHS = NO;
				CLANG_ANALYZER_NONNULL = YES;
				CLANG_ANALYZER_NUMBER_OBJECT_CONVERSION = YES_AGGRESSIVE;
				CLANG_CXX_LANGUAGE_STANDARD = "gnu++14";
				CLANG_CXX_LIBRARY = "libc++";
				CLANG_ENABLE_MODULES = YES;
				CLANG_ENABLE_OBJC_ARC = YES;
				CLANG_ENABLE_OBJC_WEAK = YES;
				CLANG_WARN_BLOCK_CAPTURE_AUTORELEASING = YES;
				CLANG_WARN_BOOL_CONVERSION = YES;
				CLANG_WARN_COMMA = YES;
				CLANG_WARN_CONSTANT_CONVERSION = YES;
				CLANG_WARN_DEPRECATED_OBJC_IMPLEMENTATIONS = YES;
				CLANG_WARN_DIRECT_OBJC_ISA_USAGE = YES_ERROR;
				CLANG_WARN_DOCUMENTATION_COMMENTS = YES;
				CLANG_WARN_EMPTY_BODY = YES;
				CLANG_WARN_ENUM_CONVERSION = YES;
				CLANG_WARN_INFINITE_RECURSION = YES;
				CLANG_WARN_INT_CONVERSION = YES;
				CLANG_WARN_NON_LITERAL_NULL_CONVERSION = YES;
				CLANG_WARN_OBJC_IMPLICIT_RETAIN_SELF = YES;
				CLANG_WARN_OBJC_LITERAL_CONVERSION = YES;
				CLANG_WARN_OBJC_ROOT_CLASS = YES_ERROR;
				CLANG_WARN_RANGE_LOOP_ANALYSIS = YES;
				CLANG_WARN_STRICT_PROTOTYPES = YES;
				CLANG_WARN_SUSPICIOUS_MOVE = YES;
				CLANG_WARN_UNGUARDED_AVAILABILITY = YES_AGGRESSIVE;
				CLANG_WARN_UNREACHABLE_CODE = YES;
				CLANG_WARN__DUPLICATE_METHOD_MATCH = YES;
				COPY_PHASE_STRIP = NO;
				DEBUG_INFORMATION_FORMAT = "dwarf-with-dsym";
				ENABLE_NS_ASSERTIONS = NO;
				ENABLE_STRICT_OBJC_MSGSEND = YES;
				GCC_C_LANGUAGE_STANDARD = gnu11;
				GCC_NO_COMMON_BLOCKS = YES;
				GCC_WARN_64_TO_32_BIT_CONVERSION = YES;
				GCC_WARN_ABOUT_RETURN_TYPE = YES_ERROR;
				GCC_WARN_UNDECLARED_SELECTOR = YES;
				GCC_WARN_UNINITIALIZED_AUTOS = YES_AGGRESSIVE;
				GCC_WARN_UNUSED_FUNCTION = YES;
				GCC_WARN_UNUSED_VARIABLE = YES;
				IPHONEOS_DEPLOYMENT_TARGET = 13.2;
				MTL_ENABLE_DEBUG_INFO = NO;
				MTL_FAST_MATH = YES;
				SDKROOT = iphoneos;
				SWIFT_COMPILATION_MODE = wholemodule;
				SWIFT_OPTIMIZATION_LEVEL = "-O";
				VALIDATE_PRODUCT = YES;
			};
			name = Release;
		};
		FAC9B8F723A7676000D13071 /* Debug */ = {
			isa = XCBuildConfiguration;
			buildSettings = {
				ASSETCATALOG_COMPILER_APPICON_NAME = AppIcon;
				CODE_SIGN_STYLE = Automatic;
				DEVELOPMENT_TEAM = X5UU836A27;
				INFOPLIST_FILE = UistackViewDec16th/Info.plist;
				LD_RUNPATH_SEARCH_PATHS = (
					"$(inherited)",
					"@executable_path/Frameworks",
				);
				PRODUCT_BUNDLE_IDENTIFIER = com.blustery.UistackViewDec16th;
				PRODUCT_NAME = "$(TARGET_NAME)";
				SWIFT_VERSION = 5.0;
				TARGETED_DEVICE_FAMILY = "1,2";
			};
			name = Debug;
		};
		FAC9B8F823A7676000D13071 /* Release */ = {
			isa = XCBuildConfiguration;
			buildSettings = {
				ASSETCATALOG_COMPILER_APPICON_NAME = AppIcon;
				CODE_SIGN_STYLE = Automatic;
				DEVELOPMENT_TEAM = X5UU836A27;
				INFOPLIST_FILE = UistackViewDec16th/Info.plist;
				LD_RUNPATH_SEARCH_PATHS = (
					"$(inherited)",
					"@executable_path/Frameworks",
				);
				PRODUCT_BUNDLE_IDENTIFIER = com.blustery.UistackViewDec16th;
				PRODUCT_NAME = "$(TARGET_NAME)";
				SWIFT_VERSION = 5.0;
				TARGETED_DEVICE_FAMILY = "1,2";
			};
			name = Release;
		};
/* End XCBuildConfiguration section */

/* Begin XCConfigurationList section */
		FAC9B8DA23A7675E00D13071 /* Build configuration list for PBXProject "UistackViewDec16th" */ = {
			isa = XCConfigurationList;
			buildConfigurations = (
				FAC9B8F423A7676000D13071 /* Debug */,
				FAC9B8F523A7676000D13071 /* Release */,
			);
			defaultConfigurationIsVisible = 0;
			defaultConfigurationName = Release;
		};
		FAC9B8F623A7676000D13071 /* Build configuration list for PBXNativeTarget "UistackViewDec16th" */ = {
			isa = XCConfigurationList;
			buildConfigurations = (
				FAC9B8F723A7676000D13071 /* Debug */,
				FAC9B8F823A7676000D13071 /* Release */,
			);
			defaultConfigurationIsVisible = 0;
			defaultConfigurationName = Release;
		};
/* End XCConfigurationList section */

/* Begin XCVersionGroup section */
		FAC9B8EB23A7675E00D13071 /* UistackViewDec16th.xcdatamodeld */ = {
			isa = XCVersionGroup;
			children = (
				FAC9B8EC23A7675E00D13071 /* UistackViewDec16th.xcdatamodel */,
			);
			currentVersion = FAC9B8EC23A7675E00D13071 /* UistackViewDec16th.xcdatamodel */;
			path = UistackViewDec16th.xcdatamodeld;
			sourceTree = "<group>";
			versionGroupType = wrapper.xcdatamodel;
		};
/* End XCVersionGroup section */
	};
	rootObject = FAC9B8D723A7675E00D13071 /* Project object */;
}
